// !$*UTF8*$!
{
	archiveVersion = 1;
	classes = {
	};
	objectVersion = 55;
	objects = {

/* Begin PBXBuildFile section */
		EB0C4C54282FCF4A00B0E267 /* EggTimerViewController.swift in Sources */ = {isa = PBXBuildFile; fileRef = EB0C4C53282FCF4A00B0E267 /* EggTimerViewController.swift */; };
		EB0C4C58282FCFF000B0E267 /* alarm_sound.mp3 in Resources */ = {isa = PBXBuildFile; fileRef = EB0C4C57282FCFF000B0E267 /* alarm_sound.mp3 */; };
		EB5531D8282E5A040086E5AB /* xylophoneViewController.swift in Sources */ = {isa = PBXBuildFile; fileRef = EB5531D7282E5A040086E5AB /* xylophoneViewController.swift */; };
		EB5531EF282E5BE80086E5AB /* G.wav in Resources */ = {isa = PBXBuildFile; fileRef = EB5531E8282E5BE80086E5AB /* G.wav */; };
		EB5531F0282E5BE80086E5AB /* F.wav in Resources */ = {isa = PBXBuildFile; fileRef = EB5531E9282E5BE80086E5AB /* F.wav */; };
		EB5531F1282E5BE80086E5AB /* A.wav in Resources */ = {isa = PBXBuildFile; fileRef = EB5531EA282E5BE80086E5AB /* A.wav */; };
		EB5531F2282E5BE80086E5AB /* C.wav in Resources */ = {isa = PBXBuildFile; fileRef = EB5531EB282E5BE80086E5AB /* C.wav */; };
		EB5531F3282E5BE80086E5AB /* E.wav in Resources */ = {isa = PBXBuildFile; fileRef = EB5531EC282E5BE80086E5AB /* E.wav */; };
		EB5531F4282E5BE80086E5AB /* B.wav in Resources */ = {isa = PBXBuildFile; fileRef = EB5531ED282E5BE80086E5AB /* B.wav */; };
		EB5531F5282E5BE80086E5AB /* D.wav in Resources */ = {isa = PBXBuildFile; fileRef = EB5531EE282E5BE80086E5AB /* D.wav */; };
		EBCB0EB1282A98E500076820 /* AppDelegate.swift in Sources */ = {isa = PBXBuildFile; fileRef = EBCB0EB0282A98E500076820 /* AppDelegate.swift */; };
		EBCB0EB3282A98E500076820 /* SceneDelegate.swift in Sources */ = {isa = PBXBuildFile; fileRef = EBCB0EB2282A98E500076820 /* SceneDelegate.swift */; };
		EBCB0EB8282A98E500076820 /* Main.storyboard in Resources */ = {isa = PBXBuildFile; fileRef = EBCB0EB6282A98E500076820 /* Main.storyboard */; };
		EBCB0EBA282A98E600076820 /* Assets.xcassets in Resources */ = {isa = PBXBuildFile; fileRef = EBCB0EB9282A98E600076820 /* Assets.xcassets */; };
		EBCB0EBD282A98E600076820 /* LaunchScreen.storyboard in Resources */ = {isa = PBXBuildFile; fileRef = EBCB0EBB282A98E600076820 /* LaunchScreen.storyboard */; };
		EBCB0EC7282A99DC00076820 /* IAmRichViewController.swift in Sources */ = {isa = PBXBuildFile; fileRef = EBCB0EC6282A99DC00076820 /* IAmRichViewController.swift */; };
		EBCB0ECA282A9D7800076820 /* DiceRollViewController.swift in Sources */ = {isa = PBXBuildFile; fileRef = EBCB0EC9282A9D7800076820 /* DiceRollViewController.swift */; };
		EBDA9548282BB12E00C02F96 /* Magic8ballViewController.swift in Sources */ = {isa = PBXBuildFile; fileRef = EBDA9547282BB12E00C02F96 /* Magic8ballViewController.swift */; };
/* End PBXBuildFile section */

/* Begin PBXFileReference section */
		EB0C4C53282FCF4A00B0E267 /* EggTimerViewController.swift */ = {isa = PBXFileReference; lastKnownFileType = sourcecode.swift; path = EggTimerViewController.swift; sourceTree = "<group>"; };
		EB0C4C57282FCFF000B0E267 /* alarm_sound.mp3 */ = {isa = PBXFileReference; lastKnownFileType = audio.mp3; path = alarm_sound.mp3; sourceTree = "<group>"; };
		EB5531D7282E5A040086E5AB /* xylophoneViewController.swift */ = {isa = PBXFileReference; lastKnownFileType = sourcecode.swift; path = xylophoneViewController.swift; sourceTree = "<group>"; };
		EB5531E8282E5BE80086E5AB /* G.wav */ = {isa = PBXFileReference; lastKnownFileType = audio.wav; path = G.wav; sourceTree = "<group>"; };
		EB5531E9282E5BE80086E5AB /* F.wav */ = {isa = PBXFileReference; lastKnownFileType = audio.wav; path = F.wav; sourceTree = "<group>"; };
		EB5531EA282E5BE80086E5AB /* A.wav */ = {isa = PBXFileReference; lastKnownFileType = audio.wav; path = A.wav; sourceTree = "<group>"; };
		EB5531EB282E5BE80086E5AB /* C.wav */ = {isa = PBXFileReference; lastKnownFileType = audio.wav; path = C.wav; sourceTree = "<group>"; };
		EB5531EC282E5BE80086E5AB /* E.wav */ = {isa = PBXFileReference; lastKnownFileType = audio.wav; path = E.wav; sourceTree = "<group>"; };
		EB5531ED282E5BE80086E5AB /* B.wav */ = {isa = PBXFileReference; lastKnownFileType = audio.wav; path = B.wav; sourceTree = "<group>"; };
		EB5531EE282E5BE80086E5AB /* D.wav */ = {isa = PBXFileReference; lastKnownFileType = audio.wav; path = D.wav; sourceTree = "<group>"; };
		EBCB0EAD282A98E500076820 /* iOS Go.app */ = {isa = PBXFileReference; explicitFileType = wrapper.application; includeInIndex = 0; path = "iOS Go.app"; sourceTree = BUILT_PRODUCTS_DIR; };
		EBCB0EB0282A98E500076820 /* AppDelegate.swift */ = {isa = PBXFileReference; lastKnownFileType = sourcecode.swift; path = AppDelegate.swift; sourceTree = "<group>"; };
		EBCB0EB2282A98E500076820 /* SceneDelegate.swift */ = {isa = PBXFileReference; lastKnownFileType = sourcecode.swift; path = SceneDelegate.swift; sourceTree = "<group>"; };
		EBCB0EB7282A98E500076820 /* Base */ = {isa = PBXFileReference; lastKnownFileType = file.storyboard; name = Base; path = Base.lproj/Main.storyboard; sourceTree = "<group>"; };
		EBCB0EB9282A98E600076820 /* Assets.xcassets */ = {isa = PBXFileReference; lastKnownFileType = folder.assetcatalog; path = Assets.xcassets; sourceTree = "<group>"; };
		EBCB0EBC282A98E600076820 /* Base */ = {isa = PBXFileReference; lastKnownFileType = file.storyboard; name = Base; path = Base.lproj/LaunchScreen.storyboard; sourceTree = "<group>"; };
		EBCB0EBE282A98E600076820 /* Info.plist */ = {isa = PBXFileReference; lastKnownFileType = text.plist.xml; path = Info.plist; sourceTree = "<group>"; };
		EBCB0EC6282A99DC00076820 /* IAmRichViewController.swift */ = {isa = PBXFileReference; lastKnownFileType = sourcecode.swift; path = IAmRichViewController.swift; sourceTree = "<group>"; };
		EBCB0EC9282A9D7800076820 /* DiceRollViewController.swift */ = {isa = PBXFileReference; lastKnownFileType = sourcecode.swift; path = DiceRollViewController.swift; sourceTree = "<group>"; };
		EBDA9547282BB12E00C02F96 /* Magic8ballViewController.swift */ = {isa = PBXFileReference; lastKnownFileType = sourcecode.swift; path = Magic8ballViewController.swift; sourceTree = "<group>"; };
/* End PBXFileReference section */

/* Begin PBXFrameworksBuildPhase section */
		EBCB0EAA282A98E500076820 /* Frameworks */ = {
			isa = PBXFrameworksBuildPhase;
			buildActionMask = 2147483647;
			files = (
			);
			runOnlyForDeploymentPostprocessing = 0;
		};
/* End PBXFrameworksBuildPhase section */

/* Begin PBXGroup section */
		EB0C4C52282FCEDE00B0E267 /* EggTimer */ = {
			isa = PBXGroup;
			children = (
				EB0C4C57282FCFF000B0E267 /* alarm_sound.mp3 */,
				EB0C4C53282FCF4A00B0E267 /* EggTimerViewController.swift */,
			);
			path = EggTimer;
			sourceTree = "<group>";
		};
		EB5531D6282E59760086E5AB /* Xylophone */ = {
			isa = PBXGroup;
			children = (
				EB5531D9282E5A540086E5AB /* Sounds */,
				EB5531D7282E5A040086E5AB /* xylophoneViewController.swift */,
			);
			path = Xylophone;
			sourceTree = "<group>";
		};
		EB5531D9282E5A540086E5AB /* Sounds */ = {
			isa = PBXGroup;
			children = (
				EB5531EA282E5BE80086E5AB /* A.wav */,
				EB5531ED282E5BE80086E5AB /* B.wav */,
				EB5531EB282E5BE80086E5AB /* C.wav */,
				EB5531EE282E5BE80086E5AB /* D.wav */,
				EB5531EC282E5BE80086E5AB /* E.wav */,
				EB5531E9282E5BE80086E5AB /* F.wav */,
				EB5531E8282E5BE80086E5AB /* G.wav */,
			);
			path = Sounds;
			sourceTree = "<group>";
		};
		EBCB0EA4282A98E500076820 = {
			isa = PBXGroup;
			children = (
				EBCB0EAF282A98E500076820 /* iOS Go */,
				EBCB0EAE282A98E500076820 /* Products */,
			);
			sourceTree = "<group>";
		};
		EBCB0EAE282A98E500076820 /* Products */ = {
			isa = PBXGroup;
			children = (
				EBCB0EAD282A98E500076820 /* iOS Go.app */,
			);
			name = Products;
			sourceTree = "<group>";
		};
		EBCB0EAF282A98E500076820 /* iOS Go */ = {
			isa = PBXGroup;
			children = (
				EB0C4C52282FCEDE00B0E267 /* EggTimer */,
				EB5531D6282E59760086E5AB /* Xylophone */,
				EBDA9546282BB0D900C02F96 /* Magic 8 ball */,
				EBCB0EC8282A9D4900076820 /* DiceRoll */,
				EBCB0EC4282A993800076820 /* BaseFile */,
				EBCB0EC5282A996000076820 /* I Am Rich */,
				EBCB0EB6282A98E500076820 /* Main.storyboard */,
				EBCB0EB9282A98E600076820 /* Assets.xcassets */,
				EBCB0EBB282A98E600076820 /* LaunchScreen.storyboard */,
				EBCB0EBE282A98E600076820 /* Info.plist */,
			);
			path = "iOS Go";
			sourceTree = "<group>";
		};
		EBCB0EC4282A993800076820 /* BaseFile */ = {
			isa = PBXGroup;
			children = (
				EBCB0EB0282A98E500076820 /* AppDelegate.swift */,
				EBCB0EB2282A98E500076820 /* SceneDelegate.swift */,
			);
			name = BaseFile;
			sourceTree = "<group>";
		};
		EBCB0EC5282A996000076820 /* I Am Rich */ = {
			isa = PBXGroup;
			children = (
				EBCB0EC6282A99DC00076820 /* IAmRichViewController.swift */,
			);
			path = "I Am Rich";
			sourceTree = "<group>";
		};
		EBCB0EC8282A9D4900076820 /* DiceRoll */ = {
			isa = PBXGroup;
			children = (
				EBCB0EC9282A9D7800076820 /* DiceRollViewController.swift */,
			);
			path = DiceRoll;
			sourceTree = "<group>";
		};
		EBDA9546282BB0D900C02F96 /* Magic 8 ball */ = {
			isa = PBXGroup;
			children = (
				EBDA9547282BB12E00C02F96 /* Magic8ballViewController.swift */,
			);
			path = "Magic 8 ball";
			sourceTree = "<group>";
		};
/* End PBXGroup section */

/* Begin PBXNativeTarget section */
		EBCB0EAC282A98E500076820 /* iOS Go */ = {
			isa = PBXNativeTarget;
			buildConfigurationList = EBCB0EC1282A98E600076820 /* Build configuration list for PBXNativeTarget "iOS Go" */;
			buildPhases = (
				EBCB0EA9282A98E500076820 /* Sources */,
				EBCB0EAA282A98E500076820 /* Frameworks */,
				EBCB0EAB282A98E500076820 /* Resources */,
			);
			buildRules = (
			);
			dependencies = (
			);
			name = "iOS Go";
			productName = "iOS Go";
			productReference = EBCB0EAD282A98E500076820 /* iOS Go.app */;
			productType = "com.apple.product-type.application";
		};
/* End PBXNativeTarget section */

/* Begin PBXProject section */
		EBCB0EA5282A98E500076820 /* Project object */ = {
			isa = PBXProject;
			attributes = {
				BuildIndependentTargetsInParallel = 1;
				LastSwiftUpdateCheck = 1330;
				LastUpgradeCheck = 1330;
				TargetAttributes = {
					EBCB0EAC282A98E500076820 = {
						CreatedOnToolsVersion = 13.3.1;
					};
				};
			};
			buildConfigurationList = EBCB0EA8282A98E500076820 /* Build configuration list for PBXProject "iOS Go" */;
			compatibilityVersion = "Xcode 13.0";
			developmentRegion = en;
			hasScannedForEncodings = 0;
			knownRegions = (
				en,
				Base,
			);
			mainGroup = EBCB0EA4282A98E500076820;
			productRefGroup = EBCB0EAE282A98E500076820 /* Products */;
			projectDirPath = "";
			projectRoot = "";
			targets = (
				EBCB0EAC282A98E500076820 /* iOS Go */,
			);
		};
/* End PBXProject section */

/* Begin PBXResourcesBuildPhase section */
		EBCB0EAB282A98E500076820 /* Resources */ = {
			isa = PBXResourcesBuildPhase;
			buildActionMask = 2147483647;
			files = (
				EB5531F1282E5BE80086E5AB /* A.wav in Resources */,
				EB5531EF282E5BE80086E5AB /* G.wav in Resources */,
				EBCB0EBD282A98E600076820 /* LaunchScreen.storyboard in Resources */,
				EB0C4C58282FCFF000B0E267 /* alarm_sound.mp3 in Resources */,
				EBCB0EBA282A98E600076820 /* Assets.xcassets in Resources */,
				EB5531F0282E5BE80086E5AB /* F.wav in Resources */,
				EBCB0EB8282A98E500076820 /* Main.storyboard in Resources */,
				EB5531F4282E5BE80086E5AB /* B.wav in Resources */,
				EB5531F5282E5BE80086E5AB /* D.wav in Resources */,
				EB5531F3282E5BE80086E5AB /* E.wav in Resources */,
				EB5531F2282E5BE80086E5AB /* C.wav in Resources */,
			);
			runOnlyForDeploymentPostprocessing = 0;
		};
/* End PBXResourcesBuildPhase section */

/* Begin PBXSourcesBuildPhase section */
		EBCB0EA9282A98E500076820 /* Sources */ = {
			isa = PBXSourcesBuildPhase;
			buildActionMask = 2147483647;
			files = (
				EBCB0EB1282A98E500076820 /* AppDelegate.swift in Sources */,
				EBCB0EC7282A99DC00076820 /* IAmRichViewController.swift in Sources */,
				EBCB0EB3282A98E500076820 /* SceneDelegate.swift in Sources */,
				EBDA9548282BB12E00C02F96 /* Magic8ballViewController.swift in Sources */,
				EBCB0ECA282A9D7800076820 /* DiceRollViewController.swift in Sources */,
				EB5531D8282E5A040086E5AB /* xylophoneViewController.swift in Sources */,
				EB0C4C54282FCF4A00B0E267 /* EggTimerViewController.swift in Sources */,
			);
			runOnlyForDeploymentPostprocessing = 0;
		};
/* End PBXSourcesBuildPhase section */

/* Begin PBXVariantGroup section */
		EBCB0EB6282A98E500076820 /* Main.storyboard */ = {
			isa = PBXVariantGroup;
			children = (
				EBCB0EB7282A98E500076820 /* Base */,
			);
			name = Main.storyboard;
			sourceTree = "<group>";
		};
		EBCB0EBB282A98E600076820 /* LaunchScreen.storyboard */ = {
			isa = PBXVariantGroup;
			children = (
				EBCB0EBC282A98E600076820 /* Base */,
			);
			name = LaunchScreen.storyboard;
			sourceTree = "<group>";
		};
/* End PBXVariantGroup section */

/* Begin XCBuildConfiguration section */
		EBCB0EBF282A98E600076820 /* Debug */ = {
			isa = XCBuildConfiguration;
			buildSettings = {
				ALWAYS_SEARCH_USER_PATHS = NO;
				CLANG_ANALYZER_NONNULL = YES;
				CLANG_ANALYZER_NUMBER_OBJECT_CONVERSION = YES_AGGRESSIVE;
				CLANG_CXX_LANGUAGE_STANDARD = "gnu++17";
				CLANG_ENABLE_MODULES = YES;
				CLANG_ENABLE_OBJC_ARC = YES;
				CLANG_ENABLE_OBJC_WEAK = YES;
				CLANG_WARN_BLOCK_CAPTURE_AUTORELEASING = YES;
				CLANG_WARN_BOOL_CONVERSION = YES;
				CLANG_WARN_COMMA = YES;
				CLANG_WARN_CONSTANT_CONVERSION = YES;
				CLANG_WARN_DEPRECATED_OBJC_IMPLEMENTATIONS = YES;
				CLANG_WARN_DIRECT_OBJC_ISA_USAGE = YES_ERROR;
				CLANG_WARN_DOCUMENTATION_COMMENTS = YES;
				CLANG_WARN_EMPTY_BODY = YES;
				CLANG_WARN_ENUM_CONVERSION = YES;
				CLANG_WARN_INFINITE_RECURSION = YES;
				CLANG_WARN_INT_CONVERSION = YES;
				CLANG_WARN_NON_LITERAL_NULL_CONVERSION = YES;
				CLANG_WARN_OBJC_IMPLICIT_RETAIN_SELF = YES;
				CLANG_WARN_OBJC_LITERAL_CONVERSION = YES;
				CLANG_WARN_OBJC_ROOT_CLASS = YES_ERROR;
				CLANG_WARN_QUOTED_INCLUDE_IN_FRAMEWORK_HEADER = YES;
				CLANG_WARN_RANGE_LOOP_ANALYSIS = YES;
				CLANG_WARN_STRICT_PROTOTYPES = YES;
				CLANG_WARN_SUSPICIOUS_MOVE = YES;
				CLANG_WARN_UNGUARDED_AVAILABILITY = YES_AGGRESSIVE;
				CLANG_WARN_UNREACHABLE_CODE = YES;
				CLANG_WARN__DUPLICATE_METHOD_MATCH = YES;
				COPY_PHASE_STRIP = NO;
				DEBUG_INFORMATION_FORMAT = dwarf;
				ENABLE_STRICT_OBJC_MSGSEND = YES;
				ENABLE_TESTABILITY = YES;
				GCC_C_LANGUAGE_STANDARD = gnu11;
				GCC_DYNAMIC_NO_PIC = NO;
				GCC_NO_COMMON_BLOCKS = YES;
				GCC_OPTIMIZATION_LEVEL = 0;
				GCC_PREPROCESSOR_DEFINITIONS = (
					"DEBUG=1",
					"$(inherited)",
				);
				GCC_WARN_64_TO_32_BIT_CONVERSION = YES;
				GCC_WARN_ABOUT_RETURN_TYPE = YES_ERROR;
				GCC_WARN_UNDECLARED_SELECTOR = YES;
				GCC_WARN_UNINITIALIZED_AUTOS = YES_AGGRESSIVE;
				GCC_WARN_UNUSED_FUNCTION = YES;
				GCC_WARN_UNUSED_VARIABLE = YES;
				IPHONEOS_DEPLOYMENT_TARGET = 15.4;
				MTL_ENABLE_DEBUG_INFO = INCLUDE_SOURCE;
				MTL_FAST_MATH = YES;
				ONLY_ACTIVE_ARCH = YES;
				SDKROOT = iphoneos;
				SWIFT_ACTIVE_COMPILATION_CONDITIONS = DEBUG;
				SWIFT_OPTIMIZATION_LEVEL = "-Onone";
			};
			name = Debug;
		};
		EBCB0EC0282A98E600076820 /* Release */ = {
			isa = XCBuildConfiguration;
			buildSettings = {
				ALWAYS_SEARCH_USER_PATHS = NO;
				CLANG_ANALYZER_NONNULL = YES;
				CLANG_ANALYZER_NUMBER_OBJECT_CONVERSION = YES_AGGRESSIVE;
				CLANG_CXX_LANGUAGE_STANDARD = "gnu++17";
				CLANG_ENABLE_MODULES = YES;
				CLANG_ENABLE_OBJC_ARC = YES;
				CLANG_ENABLE_OBJC_WEAK = YES;
				CLANG_WARN_BLOCK_CAPTURE_AUTORELEASING = YES;
				CLANG_WARN_BOOL_CONVERSION = YES;
				CLANG_WARN_COMMA = YES;
				CLANG_WARN_CONSTANT_CONVERSION = YES;
				CLANG_WARN_DEPRECATED_OBJC_IMPLEMENTATIONS = YES;
				CLANG_WARN_DIRECT_OBJC_ISA_USAGE = YES_ERROR;
				CLANG_WARN_DOCUMENTATION_COMMENTS = YES;
				CLANG_WARN_EMPTY_BODY = YES;
				CLANG_WARN_ENUM_CONVERSION = YES;
				CLANG_WARN_INFINITE_RECURSION = YES;
				CLANG_WARN_INT_CONVERSION = YES;
				CLANG_WARN_NON_LITERAL_NULL_CONVERSION = YES;
				CLANG_WARN_OBJC_IMPLICIT_RETAIN_SELF = YES;
				CLANG_WARN_OBJC_LITERAL_CONVERSION = YES;
				CLANG_WARN_OBJC_ROOT_CLASS = YES_ERROR;
				CLANG_WARN_QUOTED_INCLUDE_IN_FRAMEWORK_HEADER = YES;
				CLANG_WARN_RANGE_LOOP_ANALYSIS = YES;
				CLANG_WARN_STRICT_PROTOTYPES = YES;
				CLANG_WARN_SUSPICIOUS_MOVE = YES;
				CLANG_WARN_UNGUARDED_AVAILABILITY = YES_AGGRESSIVE;
				CLANG_WARN_UNREACHABLE_CODE = YES;
				CLANG_WARN__DUPLICATE_METHOD_MATCH = YES;
				COPY_PHASE_STRIP = NO;
				DEBUG_INFORMATION_FORMAT = "dwarf-with-dsym";
				ENABLE_NS_ASSERTIONS = NO;
				ENABLE_STRICT_OBJC_MSGSEND = YES;
				GCC_C_LANGUAGE_STANDARD = gnu11;
				GCC_NO_COMMON_BLOCKS = YES;
				GCC_WARN_64_TO_32_BIT_CONVERSION = YES;
				GCC_WARN_ABOUT_RETURN_TYPE = YES_ERROR;
				GCC_WARN_UNDECLARED_SELECTOR = YES;
				GCC_WARN_UNINITIALIZED_AUTOS = YES_AGGRESSIVE;
				GCC_WARN_UNUSED_FUNCTION = YES;
				GCC_WARN_UNUSED_VARIABLE = YES;
				IPHONEOS_DEPLOYMENT_TARGET = 15.4;
				MTL_ENABLE_DEBUG_INFO = NO;
				MTL_FAST_MATH = YES;
				SDKROOT = iphoneos;
				SWIFT_COMPILATION_MODE = wholemodule;
				SWIFT_OPTIMIZATION_LEVEL = "-O";
				VALIDATE_PRODUCT = YES;
			};
			name = Release;
		};
		EBCB0EC2282A98E600076820 /* Debug */ = {
			isa = XCBuildConfiguration;
			buildSettings = {
				ASSETCATALOG_COMPILER_APPICON_NAME = AppIcon;
				ASSETCATALOG_COMPILER_GLOBAL_ACCENT_COLOR_NAME = AccentColor;
				CODE_SIGN_STYLE = Automatic;
				CURRENT_PROJECT_VERSION = 1;
				DEVELOPMENT_TEAM = VKGAQDGK5R;
				GENERATE_INFOPLIST_FILE = YES;
				INFOPLIST_FILE = "iOS Go/Info.plist";
				INFOPLIST_KEY_UIApplicationSupportsIndirectInputEvents = YES;
				INFOPLIST_KEY_UILaunchStoryboardName = LaunchScreen;
				INFOPLIST_KEY_UIMainStoryboardFile = Main;
				INFOPLIST_KEY_UISupportedInterfaceOrientations = "UIInterfaceOrientationPortrait UIInterfaceOrientationLandscapeLeft UIInterfaceOrientationLandscapeRight";
				INFOPLIST_KEY_UISupportedInterfaceOrientations_iPad = "UIInterfaceOrientationPortrait UIInterfaceOrientationPortraitUpsideDown UIInterfaceOrientationLandscapeLeft UIInterfaceOrientationLandscapeRight";
				INFOPLIST_KEY_UISupportedInterfaceOrientations_iPhone = "UIInterfaceOrientationPortrait UIInterfaceOrientationLandscapeLeft UIInterfaceOrientationLandscapeRight";
				LD_RUNPATH_SEARCH_PATHS = (
					"$(inherited)",
					"@executable_path/Frameworks",
				);
				MARKETING_VERSION = 1.0;
				PRODUCT_BUNDLE_IDENTIFIER = "com.Dong.iOS-Go";
				PRODUCT_NAME = "$(TARGET_NAME)";
				SWIFT_EMIT_LOC_STRINGS = YES;
				SWIFT_VERSION = 5.0;
				TARGETED_DEVICE_FAMILY = "1,2";
			};
			name = Debug;
		};
		EBCB0EC3282A98E600076820 /* Release */ = {
			isa = XCBuildConfiguration;
			buildSettings = {
				ASSETCATALOG_COMPILER_APPICON_NAME = AppIcon;
				ASSETCATALOG_COMPILER_GLOBAL_ACCENT_COLOR_NAME = AccentColor;
				CODE_SIGN_STYLE = Automatic;
				CURRENT_PROJECT_VERSION = 1;
				DEVELOPMENT_TEAM = VKGAQDGK5R;
				GENERATE_INFOPLIST_FILE = YES;
				INFOPLIST_FILE = "iOS Go/Info.plist";
				INFOPLIST_KEY_UIApplicationSupportsIndirectInputEvents = YES;
				INFOPLIST_KEY_UILaunchStoryboardName = LaunchScreen;
				INFOPLIST_KEY_UIMainStoryboardFile = Main;
				INFOPLIST_KEY_UISupportedInterfaceOrientations = "UIInterfaceOrientationPortrait UIInterfaceOrientationLandscapeLeft UIInterfaceOrientationLandscapeRight";
				INFOPLIST_KEY_UISupportedInterfaceOrientations_iPad = "UIInterfaceOrientationPortrait UIInterfaceOrientationPortraitUpsideDown UIInterfaceOrientationLandscapeLeft UIInterfaceOrientationLandscapeRight";
				INFOPLIST_KEY_UISupportedInterfaceOrientations_iPhone = "UIInterfaceOrientationPortrait UIInterfaceOrientationLandscapeLeft UIInterfaceOrientationLandscapeRight";
				LD_RUNPATH_SEARCH_PATHS = (
					"$(inherited)",
					"@executable_path/Frameworks",
				);
				MARKETING_VERSION = 1.0;
				PRODUCT_BUNDLE_IDENTIFIER = "com.Dong.iOS-Go";
				PRODUCT_NAME = "$(TARGET_NAME)";
				SWIFT_EMIT_LOC_STRINGS = YES;
				SWIFT_VERSION = 5.0;
				TARGETED_DEVICE_FAMILY = "1,2";
			};
			name = Release;
		};
/* End XCBuildConfiguration section */

/* Begin XCConfigurationList section */
		EBCB0EA8282A98E500076820 /* Build configuration list for PBXProject "iOS Go" */ = {
			isa = XCConfigurationList;
			buildConfigurations = (
				EBCB0EBF282A98E600076820 /* Debug */,
				EBCB0EC0282A98E600076820 /* Release */,
			);
			defaultConfigurationIsVisible = 0;
			defaultConfigurationName = Release;
		};
		EBCB0EC1282A98E600076820 /* Build configuration list for PBXNativeTarget "iOS Go" */ = {
			isa = XCConfigurationList;
			buildConfigurations = (
				EBCB0EC2282A98E600076820 /* Debug */,
				EBCB0EC3282A98E600076820 /* Release */,
			);
			defaultConfigurationIsVisible = 0;
			defaultConfigurationName = Release;
		};
/* End XCConfigurationList section */
	};
	rootObject = EBCB0EA5282A98E500076820 /* Project object */;
}
